// !$*UTF8*$!
{
	archiveVersion = 1;
	classes = {
	};
	objectVersion = 55;
	objects = {

/* Begin PBXBuildFile section */
		7519780A28CB901D002B4334 /* SearchSquare.swift in Sources */ = {isa = PBXBuildFile; fileRef = 7519780928CB901D002B4334 /* SearchSquare.swift */; };
		7519780C28CB9197002B4334 /* HotSearchCompose.swift in Sources */ = {isa = PBXBuildFile; fileRef = 7519780B28CB9197002B4334 /* HotSearchCompose.swift */; };
		7519780E28CB91AD002B4334 /* HotSearchItemCompose.swift in Sources */ = {isa = PBXBuildFile; fileRef = 7519780D28CB91AD002B4334 /* HotSearchItemCompose.swift */; };
		7519781028CC0382002B4334 /* HotSearchItem.swift in Sources */ = {isa = PBXBuildFile; fileRef = 7519780F28CC0382002B4334 /* HotSearchItem.swift */; };
		7519781228CC06A8002B4334 /* HotSearchView.swift in Sources */ = {isa = PBXBuildFile; fileRef = 7519781128CC06A8002B4334 /* HotSearchView.swift */; };
		7519781428CC11E1002B4334 /* UpdateProviderProtocol.swift in Sources */ = {isa = PBXBuildFile; fileRef = 7519781328CC11E1002B4334 /* UpdateProviderProtocol.swift */; };
		7519781628CC133A002B4334 /* UpdateProvider.swift in Sources */ = {isa = PBXBuildFile; fileRef = 7519781528CC133A002B4334 /* UpdateProvider.swift */; };
		7520044D28BE3D9D008D2FED /* Bili_Mac_MenuBarApp.swift in Sources */ = {isa = PBXBuildFile; fileRef = 7520044C28BE3D9D008D2FED /* Bili_Mac_MenuBarApp.swift */; };
		7520044F28BE3D9D008D2FED /* RootView.swift in Sources */ = {isa = PBXBuildFile; fileRef = 7520044E28BE3D9D008D2FED /* RootView.swift */; };
		7520045128BE3D9E008D2FED /* Assets.xcassets in Resources */ = {isa = PBXBuildFile; fileRef = 7520045028BE3D9E008D2FED /* Assets.xcassets */; };
		7520045428BE3D9E008D2FED /* Preview Assets.xcassets in Resources */ = {isa = PBXBuildFile; fileRef = 7520045328BE3D9E008D2FED /* Preview Assets.xcassets */; };
		757B360328D30DE6009AC8FE /* GRPCConfig.swift in Sources */ = {isa = PBXBuildFile; fileRef = 757B360228D30DE6009AC8FE /* GRPCConfig.swift */; };
		757B360628D30FBF009AC8FE /* SwiftProtobuf in Frameworks */ = {isa = PBXBuildFile; productRef = 757B360528D30FBF009AC8FE /* SwiftProtobuf */; };
		757B360828D30FBF009AC8FE /* protoc-gen-swift in Frameworks */ = {isa = PBXBuildFile; productRef = 757B360728D30FBF009AC8FE /* protoc-gen-swift */; };
		757B360C28D311F5009AC8FE /* fawkes.pb.swift in Sources */ = {isa = PBXBuildFile; fileRef = 757B360B28D311F5009AC8FE /* fawkes.pb.swift */; };
		757B361C28D317B3009AC8FE /* restriction.pb.swift in Sources */ = {isa = PBXBuildFile; fileRef = 757B361728D317B2009AC8FE /* restriction.pb.swift */; };
		757B361D28D317B3009AC8FE /* locale.pb.swift in Sources */ = {isa = PBXBuildFile; fileRef = 757B361828D317B2009AC8FE /* locale.pb.swift */; };
		757B361E28D317B3009AC8FE /* metadata.pb.swift in Sources */ = {isa = PBXBuildFile; fileRef = 757B361928D317B2009AC8FE /* metadata.pb.swift */; };
		757B361F28D317B3009AC8FE /* device.pb.swift in Sources */ = {isa = PBXBuildFile; fileRef = 757B361A28D317B3009AC8FE /* device.pb.swift */; };
		757B362028D317B3009AC8FE /* network.pb.swift in Sources */ = {isa = PBXBuildFile; fileRef = 757B361B28D317B3009AC8FE /* network.pb.swift */; };
		757B362328D31C56009AC8FE /* ComposableArchitecture in Frameworks */ = {isa = PBXBuildFile; productRef = 757B362228D31C56009AC8FE /* ComposableArchitecture */; };
		757B362528D3295F009AC8FE /* popular.pb.swift in Sources */ = {isa = PBXBuildFile; fileRef = 757B362428D3295F009AC8FE /* popular.pb.swift */; };
		757B362828D32C6D009AC8FE /* preload.pb.swift in Sources */ = {isa = PBXBuildFile; fileRef = 757B362628D32C6D009AC8FE /* preload.pb.swift */; };
		757B362928D32C6D009AC8FE /* card.pb.swift in Sources */ = {isa = PBXBuildFile; fileRef = 757B362728D32C6D009AC8FE /* card.pb.swift */; };
		757B362E28D33030009AC8FE /* single.pb.swift in Sources */ = {isa = PBXBuildFile; fileRef = 757B362A28D3302F009AC8FE /* single.pb.swift */; };
		757B362F28D33030009AC8FE /* double.pb.swift in Sources */ = {isa = PBXBuildFile; fileRef = 757B362B28D3302F009AC8FE /* double.pb.swift */; };
		757B363028D33030009AC8FE /* common.pb.swift in Sources */ = {isa = PBXBuildFile; fileRef = 757B362C28D3302F009AC8FE /* common.pb.swift */; };
		757B363128D33030009AC8FE /* ad.pb.swift in Sources */ = {isa = PBXBuildFile; fileRef = 757B362D28D3302F009AC8FE /* ad.pb.swift */; };
		757B363328D35BE1009AC8FE /* PopularCompose.swift in Sources */ = {isa = PBXBuildFile; fileRef = 757B363228D35BE1009AC8FE /* PopularCompose.swift */; };
		757B363528D35C2E009AC8FE /* PopularVIew.swift in Sources */ = {isa = PBXBuildFile; fileRef = 757B363428D35C2E009AC8FE /* PopularVIew.swift */; };
		7593E95C28C1B348003A3497 /* SVGView in Frameworks */ = {isa = PBXBuildFile; productRef = 7593E95B28C1B348003A3497 /* SVGView */; };
		7593E96328C1D5C1003A3497 /* HttpProvider.swift in Sources */ = {isa = PBXBuildFile; fileRef = 7593E96228C1D5C1003A3497 /* HttpProvider.swift */; };
		7593E96528C1FDB3003A3497 /* SignInView.swift in Sources */ = {isa = PBXBuildFile; fileRef = 7593E96428C1FDB3003A3497 /* SignInView.swift */; };
		7593E96828C1FE78003A3497 /* AppLogo.swift in Sources */ = {isa = PBXBuildFile; fileRef = 7593E96728C1FE78003A3497 /* AppLogo.swift */; };
		7593E96A28C20770003A3497 /* SignInQRCode.swift in Sources */ = {isa = PBXBuildFile; fileRef = 7593E96928C20770003A3497 /* SignInQRCode.swift */; };
		7593E97428C36E5E003A3497 /* AccountProvider.swift in Sources */ = {isa = PBXBuildFile; fileRef = 7593E97328C36E5E003A3497 /* AccountProvider.swift */; };
		7593E97828C37005003A3497 /* Mine.swift in Sources */ = {isa = PBXBuildFile; fileRef = 7593E97728C37005003A3497 /* Mine.swift */; };
		7593E97C28C38D9D003A3497 /* SubscribeView.swift in Sources */ = {isa = PBXBuildFile; fileRef = 7593E97B28C38D9D003A3497 /* SubscribeView.swift */; };
		7593E97F28C39E3E003A3497 /* Alamofire in Frameworks */ = {isa = PBXBuildFile; productRef = 7593E97E28C39E3E003A3497 /* Alamofire */; };
		7593E98128C4511D003A3497 /* ModuleButton.swift in Sources */ = {isa = PBXBuildFile; fileRef = 7593E98028C4511D003A3497 /* ModuleButton.swift */; };
		7593E98328C4636C003A3497 /* UnreadInfo.swift in Sources */ = {isa = PBXBuildFile; fileRef = 7593E98228C4636C003A3497 /* UnreadInfo.swift */; };
		7593E98528C479F3003A3497 /* CommunityProvider.swift in Sources */ = {isa = PBXBuildFile; fileRef = 7593E98428C479F3003A3497 /* CommunityProvider.swift */; };
		7593E98728C47F19003A3497 /* Dynamic.swift in Sources */ = {isa = PBXBuildFile; fileRef = 7593E98628C47F19003A3497 /* Dynamic.swift */; };
		7593E98928C48369003A3497 /* VideoCard.swift in Sources */ = {isa = PBXBuildFile; fileRef = 7593E98828C48369003A3497 /* VideoCard.swift */; };
		75C6AC0728C49C1F00F8AB04 /* WindowView.swift in Sources */ = {isa = PBXBuildFile; fileRef = 75C6AC0628C49C1F00F8AB04 /* WindowView.swift */; };
		75C6AC0A28C4E66500F8AB04 /* Atomics in Frameworks */ = {isa = PBXBuildFile; productRef = 75C6AC0928C4E66500F8AB04 /* Atomics */; };
		75C6AC0D28C4E69A00F8AB04 /* NIO in Frameworks */ = {isa = PBXBuildFile; productRef = 75C6AC0C28C4E69A00F8AB04 /* NIO */; };
		75CD0FEF28BF1FFE00E17A7C /* SwinjectAutoregistration in Frameworks */ = {isa = PBXBuildFile; productRef = 75CD0FEE28BF1FFE00E17A7C /* SwinjectAutoregistration */; };
		75CD0FF228BF20AB00E17A7C /* DIFactory.swift in Sources */ = {isa = PBXBuildFile; fileRef = 75CD0FF128BF20AB00E17A7C /* DIFactory.swift */; };
		75CD100028BF359700E17A7C /* Swinject in Frameworks */ = {isa = PBXBuildFile; productRef = 75CD0FFF28BF359700E17A7C /* Swinject */; };
		75CD102E28BF89BF00E17A7C /* HttpProviderProtocol.swift in Sources */ = {isa = PBXBuildFile; fileRef = 75CD102D28BF89BF00E17A7C /* HttpProviderProtocol.swift */; };
		75CD103328BF8DB800E17A7C /* AuthorizeStatus.swift in Sources */ = {isa = PBXBuildFile; fileRef = 75CD103228BF8DB800E17A7C /* AuthorizeStatus.swift */; };
		75CD103528BF8DFA00E17A7C /* QRCodeStatus.swift in Sources */ = {isa = PBXBuildFile; fileRef = 75CD103428BF8DFA00E17A7C /* QRCodeStatus.swift */; };
		75CD103728BF8E2800E17A7C /* RequestClientType.swift in Sources */ = {isa = PBXBuildFile; fileRef = 75CD103628BF8E2800E17A7C /* RequestClientType.swift */; };
		75CD103928BF914400E17A7C /* AuthorizeProviderProtocol.swift in Sources */ = {isa = PBXBuildFile; fileRef = 75CD103828BF914400E17A7C /* AuthorizeProviderProtocol.swift */; };
		75CD104428BF96BB00E17A7C /* AccountProviderProtocol.swift in Sources */ = {isa = PBXBuildFile; fileRef = 75CD104328BF96BB00E17A7C /* AccountProviderProtocol.swift */; };
		75CD104628BF977200E17A7C /* CommunityProviderProtocol.swift in Sources */ = {isa = PBXBuildFile; fileRef = 75CD104528BF977200E17A7C /* CommunityProviderProtocol.swift */; };
		75CD104828BF986400E17A7C /* AuthorizeProvider.swift in Sources */ = {isa = PBXBuildFile; fileRef = 75CD104728BF986400E17A7C /* AuthorizeProvider.swift */; };
		75CD105928BFA34300E17A7C /* AuthorizeResult.swift in Sources */ = {isa = PBXBuildFile; fileRef = 75CD105828BFA34300E17A7C /* AuthorizeResult.swift */; };
		75CD105B28BFA39900E17A7C /* TokenInfo.swift in Sources */ = {isa = PBXBuildFile; fileRef = 75CD105A28BFA39900E17A7C /* TokenInfo.swift */; };
		75CD105D28BFA3E400E17A7C /* QRInfo.swift in Sources */ = {isa = PBXBuildFile; fileRef = 75CD105C28BFA3E400E17A7C /* QRInfo.swift */; };
		75CD105F28BFA98500E17A7C /* TokenKeys.swift in Sources */ = {isa = PBXBuildFile; fileRef = 75CD105E28BFA98500E17A7C /* TokenKeys.swift */; };
		75CD106128BFAA8100E17A7C /* QueryKeys.swift in Sources */ = {isa = PBXBuildFile; fileRef = 75CD106028BFAA8100E17A7C /* QueryKeys.swift */; };
		75CD106328BFAC7800E17A7C /* ServiceKeys.swift in Sources */ = {isa = PBXBuildFile; fileRef = 75CD106228BFAC7800E17A7C /* ServiceKeys.swift */; };
		75CD106528C0F3F600E17A7C /* ApiKeys.swift in Sources */ = {isa = PBXBuildFile; fileRef = 75CD106428C0F3F600E17A7C /* ApiKeys.swift */; };
		75CD106728C0FED900E17A7C /* ServerResponse.swift in Sources */ = {isa = PBXBuildFile; fileRef = 75CD106628C0FED900E17A7C /* ServerResponse.swift */; };
		75CD106928C1025600E17A7C /* ServiceException.swift in Sources */ = {isa = PBXBuildFile; fileRef = 75CD106828C1025600E17A7C /* ServiceException.swift */; };
		75CD106C28C1A33500E17A7C /* QRCodeGenerator in Frameworks */ = {isa = PBXBuildFile; productRef = 75CD106B28C1A33500E17A7C /* QRCodeGenerator */; };
		75CD21F728C5E60D00F5000A /* Extensions.swift in Sources */ = {isa = PBXBuildFile; fileRef = 75CD21F628C5E60D00F5000A /* Extensions.swift */; };
		75CD21FA28C5E98C00F5000A /* VideoCompose.swift in Sources */ = {isa = PBXBuildFile; fileRef = 75CD21F928C5E98C00F5000A /* VideoCompose.swift */; };
		75CD21FF28C6139100F5000A /* DynamicCompose.swift in Sources */ = {isa = PBXBuildFile; fileRef = 75CD21FE28C6139100F5000A /* DynamicCompose.swift */; };
		75CD220528C6247200F5000A /* DynamicView.swift in Sources */ = {isa = PBXBuildFile; fileRef = 75CD220428C6247200F5000A /* DynamicView.swift */; };
		75CD220728C6292200F5000A /* AccountCompose.swift in Sources */ = {isa = PBXBuildFile; fileRef = 75CD220628C6292200F5000A /* AccountCompose.swift */; };
		75CD220928C62D1A00F5000A /* AccountView.swift in Sources */ = {isa = PBXBuildFile; fileRef = 75CD220828C62D1A00F5000A /* AccountView.swift */; };
		75CD220B28C63A1F00F5000A /* AuthorizeCompose.swift in Sources */ = {isa = PBXBuildFile; fileRef = 75CD220A28C63A1F00F5000A /* AuthorizeCompose.swift */; };
		75F1A81728C6CC5900EFD40A /* StatusBar.swift in Sources */ = {isa = PBXBuildFile; fileRef = 75F1A81628C6CC5900EFD40A /* StatusBar.swift */; };
		75F1A81928C6CEC000EFD40A /* AppCompose.swift in Sources */ = {isa = PBXBuildFile; fileRef = 75F1A81828C6CEC000EFD40A /* AppCompose.swift */; };
		75F1A81D28C7022200EFD40A /* SettingKeys.swift in Sources */ = {isa = PBXBuildFile; fileRef = 75F1A81C28C7022200EFD40A /* SettingKeys.swift */; };
		75F1A81F28C70F2700EFD40A /* Rank.swift in Sources */ = {isa = PBXBuildFile; fileRef = 75F1A81E28C70F2700EFD40A /* Rank.swift */; };
		75F1A82128C712CC00EFD40A /* PageKeys.swift in Sources */ = {isa = PBXBuildFile; fileRef = 75F1A82028C712CC00EFD40A /* PageKeys.swift */; };
		75F1A82328C714A900EFD40A /* RankCompose.swift in Sources */ = {isa = PBXBuildFile; fileRef = 75F1A82228C714A900EFD40A /* RankCompose.swift */; };
		75F1A82528C715A800EFD40A /* RankView.swift in Sources */ = {isa = PBXBuildFile; fileRef = 75F1A82428C715A800EFD40A /* RankView.swift */; };
		75F1A82728C7270300EFD40A /* Anime.swift in Sources */ = {isa = PBXBuildFile; fileRef = 75F1A82628C7270300EFD40A /* Anime.swift */; };
		75F1A82928C727CF00EFD40A /* EpisodeCompose.swift in Sources */ = {isa = PBXBuildFile; fileRef = 75F1A82828C727CF00EFD40A /* EpisodeCompose.swift */; };
		75F1A82B28C72DAC00EFD40A /* AnimeCompose.swift in Sources */ = {isa = PBXBuildFile; fileRef = 75F1A82A28C72DAC00EFD40A /* AnimeCompose.swift */; };
		75F1A82D28C72EB600EFD40A /* AnimeView.swift in Sources */ = {isa = PBXBuildFile; fileRef = 75F1A82C28C72EB600EFD40A /* AnimeView.swift */; };
		75F1A82F28C72F3800EFD40A /* EpisodeCard.swift in Sources */ = {isa = PBXBuildFile; fileRef = 75F1A82E28C72F3800EFD40A /* EpisodeCard.swift */; };
/* End PBXBuildFile section */

/* Begin PBXFileReference section */
		7519780928CB901D002B4334 /* SearchSquare.swift */ = {isa = PBXFileReference; lastKnownFileType = sourcecode.swift; path = SearchSquare.swift; sourceTree = "<group>"; };
		7519780B28CB9197002B4334 /* HotSearchCompose.swift */ = {isa = PBXFileReference; lastKnownFileType = sourcecode.swift; path = HotSearchCompose.swift; sourceTree = "<group>"; };
		7519780D28CB91AD002B4334 /* HotSearchItemCompose.swift */ = {isa = PBXFileReference; lastKnownFileType = sourcecode.swift; path = HotSearchItemCompose.swift; sourceTree = "<group>"; };
		7519780F28CC0382002B4334 /* HotSearchItem.swift */ = {isa = PBXFileReference; lastKnownFileType = sourcecode.swift; path = HotSearchItem.swift; sourceTree = "<group>"; };
		7519781128CC06A8002B4334 /* HotSearchView.swift */ = {isa = PBXFileReference; lastKnownFileType = sourcecode.swift; path = HotSearchView.swift; sourceTree = "<group>"; };
		7519781328CC11E1002B4334 /* UpdateProviderProtocol.swift */ = {isa = PBXFileReference; lastKnownFileType = sourcecode.swift; path = UpdateProviderProtocol.swift; sourceTree = "<group>"; };
		7519781528CC133A002B4334 /* UpdateProvider.swift */ = {isa = PBXFileReference; lastKnownFileType = sourcecode.swift; path = UpdateProvider.swift; sourceTree = "<group>"; };
		7520044928BE3D9D008D2FED /* Bili.Mac.MenuBar.app */ = {isa = PBXFileReference; explicitFileType = wrapper.application; includeInIndex = 0; path = Bili.Mac.MenuBar.app; sourceTree = BUILT_PRODUCTS_DIR; };
		7520044C28BE3D9D008D2FED /* Bili_Mac_MenuBarApp.swift */ = {isa = PBXFileReference; lastKnownFileType = sourcecode.swift; path = Bili_Mac_MenuBarApp.swift; sourceTree = "<group>"; };
		7520044E28BE3D9D008D2FED /* RootView.swift */ = {isa = PBXFileReference; lastKnownFileType = sourcecode.swift; path = RootView.swift; sourceTree = "<group>"; };
		7520045028BE3D9E008D2FED /* Assets.xcassets */ = {isa = PBXFileReference; lastKnownFileType = folder.assetcatalog; path = Assets.xcassets; sourceTree = "<group>"; };
		7520045328BE3D9E008D2FED /* Preview Assets.xcassets */ = {isa = PBXFileReference; lastKnownFileType = folder.assetcatalog; path = "Preview Assets.xcassets"; sourceTree = "<group>"; };
		7520045528BE3D9E008D2FED /* Bili_Mac_MenuBar.entitlements */ = {isa = PBXFileReference; lastKnownFileType = text.plist.entitlements; path = Bili_Mac_MenuBar.entitlements; sourceTree = "<group>"; };
		7520045B28BE4512008D2FED /* Bili-Mac-MenuBar-Info.plist */ = {isa = PBXFileReference; lastKnownFileType = text.plist; path = "Bili-Mac-MenuBar-Info.plist"; sourceTree = SOURCE_ROOT; };
		757B360228D30DE6009AC8FE /* GRPCConfig.swift */ = {isa = PBXFileReference; lastKnownFileType = sourcecode.swift; path = GRPCConfig.swift; sourceTree = "<group>"; };
		757B360B28D311F5009AC8FE /* fawkes.pb.swift */ = {isa = PBXFileReference; fileEncoding = 4; lastKnownFileType = sourcecode.swift; path = fawkes.pb.swift; sourceTree = "<group>"; };
		757B361728D317B2009AC8FE /* restriction.pb.swift */ = {isa = PBXFileReference; fileEncoding = 4; lastKnownFileType = sourcecode.swift; path = restriction.pb.swift; sourceTree = "<group>"; };
		757B361828D317B2009AC8FE /* locale.pb.swift */ = {isa = PBXFileReference; fileEncoding = 4; lastKnownFileType = sourcecode.swift; path = locale.pb.swift; sourceTree = "<group>"; };
		757B361928D317B2009AC8FE /* metadata.pb.swift */ = {isa = PBXFileReference; fileEncoding = 4; lastKnownFileType = sourcecode.swift; path = metadata.pb.swift; sourceTree = "<group>"; };
		757B361A28D317B3009AC8FE /* device.pb.swift */ = {isa = PBXFileReference; fileEncoding = 4; lastKnownFileType = sourcecode.swift; path = device.pb.swift; sourceTree = "<group>"; };
		757B361B28D317B3009AC8FE /* network.pb.swift */ = {isa = PBXFileReference; fileEncoding = 4; lastKnownFileType = sourcecode.swift; path = network.pb.swift; sourceTree = "<group>"; };
		757B362428D3295F009AC8FE /* popular.pb.swift */ = {isa = PBXFileReference; fileEncoding = 4; lastKnownFileType = sourcecode.swift; path = popular.pb.swift; sourceTree = "<group>"; };
		757B362628D32C6D009AC8FE /* preload.pb.swift */ = {isa = PBXFileReference; fileEncoding = 4; lastKnownFileType = sourcecode.swift; path = preload.pb.swift; sourceTree = "<group>"; };
		757B362728D32C6D009AC8FE /* card.pb.swift */ = {isa = PBXFileReference; fileEncoding = 4; lastKnownFileType = sourcecode.swift; path = card.pb.swift; sourceTree = "<group>"; };
		757B362A28D3302F009AC8FE /* single.pb.swift */ = {isa = PBXFileReference; fileEncoding = 4; lastKnownFileType = sourcecode.swift; path = single.pb.swift; sourceTree = "<group>"; };
		757B362B28D3302F009AC8FE /* double.pb.swift */ = {isa = PBXFileReference; fileEncoding = 4; lastKnownFileType = sourcecode.swift; path = double.pb.swift; sourceTree = "<group>"; };
		757B362C28D3302F009AC8FE /* common.pb.swift */ = {isa = PBXFileReference; fileEncoding = 4; lastKnownFileType = sourcecode.swift; path = common.pb.swift; sourceTree = "<group>"; };
		757B362D28D3302F009AC8FE /* ad.pb.swift */ = {isa = PBXFileReference; fileEncoding = 4; lastKnownFileType = sourcecode.swift; path = ad.pb.swift; sourceTree = "<group>"; };
		757B363228D35BE1009AC8FE /* PopularCompose.swift */ = {isa = PBXFileReference; lastKnownFileType = sourcecode.swift; path = PopularCompose.swift; sourceTree = "<group>"; };
		757B363428D35C2E009AC8FE /* PopularVIew.swift */ = {isa = PBXFileReference; lastKnownFileType = sourcecode.swift; path = PopularVIew.swift; sourceTree = "<group>"; };
		7593E96228C1D5C1003A3497 /* HttpProvider.swift */ = {isa = PBXFileReference; lastKnownFileType = sourcecode.swift; path = HttpProvider.swift; sourceTree = "<group>"; };
		7593E96428C1FDB3003A3497 /* SignInView.swift */ = {isa = PBXFileReference; lastKnownFileType = sourcecode.swift; path = SignInView.swift; sourceTree = "<group>"; };
		7593E96728C1FE78003A3497 /* AppLogo.swift */ = {isa = PBXFileReference; lastKnownFileType = sourcecode.swift; path = AppLogo.swift; sourceTree = "<group>"; };
		7593E96928C20770003A3497 /* SignInQRCode.swift */ = {isa = PBXFileReference; lastKnownFileType = sourcecode.swift; path = SignInQRCode.swift; sourceTree = "<group>"; };
		7593E97328C36E5E003A3497 /* AccountProvider.swift */ = {isa = PBXFileReference; lastKnownFileType = sourcecode.swift; path = AccountProvider.swift; sourceTree = "<group>"; };
		7593E97728C37005003A3497 /* Mine.swift */ = {isa = PBXFileReference; lastKnownFileType = sourcecode.swift; path = Mine.swift; sourceTree = "<group>"; };
		7593E97B28C38D9D003A3497 /* SubscribeView.swift */ = {isa = PBXFileReference; lastKnownFileType = sourcecode.swift; path = SubscribeView.swift; sourceTree = "<group>"; };
		7593E98028C4511D003A3497 /* ModuleButton.swift */ = {isa = PBXFileReference; lastKnownFileType = sourcecode.swift; path = ModuleButton.swift; sourceTree = "<group>"; };
		7593E98228C4636C003A3497 /* UnreadInfo.swift */ = {isa = PBXFileReference; lastKnownFileType = sourcecode.swift; path = UnreadInfo.swift; sourceTree = "<group>"; };
		7593E98428C479F3003A3497 /* CommunityProvider.swift */ = {isa = PBXFileReference; lastKnownFileType = sourcecode.swift; path = CommunityProvider.swift; sourceTree = "<group>"; };
		7593E98628C47F19003A3497 /* Dynamic.swift */ = {isa = PBXFileReference; lastKnownFileType = sourcecode.swift; path = Dynamic.swift; sourceTree = "<group>"; };
		7593E98828C48369003A3497 /* VideoCard.swift */ = {isa = PBXFileReference; lastKnownFileType = sourcecode.swift; path = VideoCard.swift; sourceTree = "<group>"; };
		75C6AC0628C49C1F00F8AB04 /* WindowView.swift */ = {isa = PBXFileReference; lastKnownFileType = sourcecode.swift; path = WindowView.swift; sourceTree = "<group>"; };
		75CD0FF128BF20AB00E17A7C /* DIFactory.swift */ = {isa = PBXFileReference; lastKnownFileType = sourcecode.swift; path = DIFactory.swift; sourceTree = "<group>"; };
		75CD102D28BF89BF00E17A7C /* HttpProviderProtocol.swift */ = {isa = PBXFileReference; lastKnownFileType = sourcecode.swift; path = HttpProviderProtocol.swift; sourceTree = "<group>"; };
		75CD103228BF8DB800E17A7C /* AuthorizeStatus.swift */ = {isa = PBXFileReference; lastKnownFileType = sourcecode.swift; path = AuthorizeStatus.swift; sourceTree = "<group>"; };
		75CD103428BF8DFA00E17A7C /* QRCodeStatus.swift */ = {isa = PBXFileReference; lastKnownFileType = sourcecode.swift; path = QRCodeStatus.swift; sourceTree = "<group>"; };
		75CD103628BF8E2800E17A7C /* RequestClientType.swift */ = {isa = PBXFileReference; lastKnownFileType = sourcecode.swift; path = RequestClientType.swift; sourceTree = "<group>"; };
		75CD103828BF914400E17A7C /* AuthorizeProviderProtocol.swift */ = {isa = PBXFileReference; lastKnownFileType = sourcecode.swift; path = AuthorizeProviderProtocol.swift; sourceTree = "<group>"; };
		75CD104328BF96BB00E17A7C /* AccountProviderProtocol.swift */ = {isa = PBXFileReference; lastKnownFileType = sourcecode.swift; path = AccountProviderProtocol.swift; sourceTree = "<group>"; };
		75CD104528BF977200E17A7C /* CommunityProviderProtocol.swift */ = {isa = PBXFileReference; lastKnownFileType = sourcecode.swift; path = CommunityProviderProtocol.swift; sourceTree = "<group>"; };
		75CD104728BF986400E17A7C /* AuthorizeProvider.swift */ = {isa = PBXFileReference; lastKnownFileType = sourcecode.swift; path = AuthorizeProvider.swift; sourceTree = "<group>"; };
		75CD105828BFA34300E17A7C /* AuthorizeResult.swift */ = {isa = PBXFileReference; lastKnownFileType = sourcecode.swift; path = AuthorizeResult.swift; sourceTree = "<group>"; };
		75CD105A28BFA39900E17A7C /* TokenInfo.swift */ = {isa = PBXFileReference; lastKnownFileType = sourcecode.swift; path = TokenInfo.swift; sourceTree = "<group>"; };
		75CD105C28BFA3E400E17A7C /* QRInfo.swift */ = {isa = PBXFileReference; lastKnownFileType = sourcecode.swift; path = QRInfo.swift; sourceTree = "<group>"; };
		75CD105E28BFA98500E17A7C /* TokenKeys.swift */ = {isa = PBXFileReference; lastKnownFileType = sourcecode.swift; path = TokenKeys.swift; sourceTree = "<group>"; };
		75CD106028BFAA8100E17A7C /* QueryKeys.swift */ = {isa = PBXFileReference; lastKnownFileType = sourcecode.swift; path = QueryKeys.swift; sourceTree = "<group>"; };
		75CD106228BFAC7800E17A7C /* ServiceKeys.swift */ = {isa = PBXFileReference; lastKnownFileType = sourcecode.swift; path = ServiceKeys.swift; sourceTree = "<group>"; };
		75CD106428C0F3F600E17A7C /* ApiKeys.swift */ = {isa = PBXFileReference; lastKnownFileType = sourcecode.swift; path = ApiKeys.swift; sourceTree = "<group>"; };
		75CD106628C0FED900E17A7C /* ServerResponse.swift */ = {isa = PBXFileReference; lastKnownFileType = sourcecode.swift; path = ServerResponse.swift; sourceTree = "<group>"; };
		75CD106828C1025600E17A7C /* ServiceException.swift */ = {isa = PBXFileReference; lastKnownFileType = sourcecode.swift; path = ServiceException.swift; sourceTree = "<group>"; };
		75CD21F628C5E60D00F5000A /* Extensions.swift */ = {isa = PBXFileReference; lastKnownFileType = sourcecode.swift; path = Extensions.swift; sourceTree = "<group>"; };
		75CD21F928C5E98C00F5000A /* VideoCompose.swift */ = {isa = PBXFileReference; lastKnownFileType = sourcecode.swift; path = VideoCompose.swift; sourceTree = "<group>"; };
		75CD21FE28C6139100F5000A /* DynamicCompose.swift */ = {isa = PBXFileReference; lastKnownFileType = sourcecode.swift; path = DynamicCompose.swift; sourceTree = "<group>"; };
		75CD220428C6247200F5000A /* DynamicView.swift */ = {isa = PBXFileReference; lastKnownFileType = sourcecode.swift; path = DynamicView.swift; sourceTree = "<group>"; };
		75CD220628C6292200F5000A /* AccountCompose.swift */ = {isa = PBXFileReference; lastKnownFileType = sourcecode.swift; path = AccountCompose.swift; sourceTree = "<group>"; };
		75CD220828C62D1A00F5000A /* AccountView.swift */ = {isa = PBXFileReference; lastKnownFileType = sourcecode.swift; path = AccountView.swift; sourceTree = "<group>"; };
		75CD220A28C63A1F00F5000A /* AuthorizeCompose.swift */ = {isa = PBXFileReference; lastKnownFileType = sourcecode.swift; path = AuthorizeCompose.swift; sourceTree = "<group>"; };
		75F1A81628C6CC5900EFD40A /* StatusBar.swift */ = {isa = PBXFileReference; lastKnownFileType = sourcecode.swift; path = StatusBar.swift; sourceTree = "<group>"; };
		75F1A81828C6CEC000EFD40A /* AppCompose.swift */ = {isa = PBXFileReference; lastKnownFileType = sourcecode.swift; path = AppCompose.swift; sourceTree = "<group>"; };
		75F1A81C28C7022200EFD40A /* SettingKeys.swift */ = {isa = PBXFileReference; lastKnownFileType = sourcecode.swift; path = SettingKeys.swift; sourceTree = "<group>"; };
		75F1A81E28C70F2700EFD40A /* Rank.swift */ = {isa = PBXFileReference; lastKnownFileType = sourcecode.swift; path = Rank.swift; sourceTree = "<group>"; };
		75F1A82028C712CC00EFD40A /* PageKeys.swift */ = {isa = PBXFileReference; lastKnownFileType = sourcecode.swift; path = PageKeys.swift; sourceTree = "<group>"; };
		75F1A82228C714A900EFD40A /* RankCompose.swift */ = {isa = PBXFileReference; lastKnownFileType = sourcecode.swift; path = RankCompose.swift; sourceTree = "<group>"; };
		75F1A82428C715A800EFD40A /* RankView.swift */ = {isa = PBXFileReference; lastKnownFileType = sourcecode.swift; path = RankView.swift; sourceTree = "<group>"; };
		75F1A82628C7270300EFD40A /* Anime.swift */ = {isa = PBXFileReference; lastKnownFileType = sourcecode.swift; path = Anime.swift; sourceTree = "<group>"; };
		75F1A82828C727CF00EFD40A /* EpisodeCompose.swift */ = {isa = PBXFileReference; lastKnownFileType = sourcecode.swift; path = EpisodeCompose.swift; sourceTree = "<group>"; };
		75F1A82A28C72DAC00EFD40A /* AnimeCompose.swift */ = {isa = PBXFileReference; lastKnownFileType = sourcecode.swift; path = AnimeCompose.swift; sourceTree = "<group>"; };
		75F1A82C28C72EB600EFD40A /* AnimeView.swift */ = {isa = PBXFileReference; lastKnownFileType = sourcecode.swift; path = AnimeView.swift; sourceTree = "<group>"; };
		75F1A82E28C72F3800EFD40A /* EpisodeCard.swift */ = {isa = PBXFileReference; lastKnownFileType = sourcecode.swift; path = EpisodeCard.swift; sourceTree = "<group>"; };
/* End PBXFileReference section */

/* Begin PBXFrameworksBuildPhase section */
		7520044628BE3D9D008D2FED /* Frameworks */ = {
			isa = PBXFrameworksBuildPhase;
			buildActionMask = 2147483647;
			files = (
				757B362328D31C56009AC8FE /* ComposableArchitecture in Frameworks */,
				757B360828D30FBF009AC8FE /* protoc-gen-swift in Frameworks */,
				7593E97F28C39E3E003A3497 /* Alamofire in Frameworks */,
				75C6AC0D28C4E69A00F8AB04 /* NIO in Frameworks */,
				75CD100028BF359700E17A7C /* Swinject in Frameworks */,
				7593E95C28C1B348003A3497 /* SVGView in Frameworks */,
				75C6AC0A28C4E66500F8AB04 /* Atomics in Frameworks */,
				75CD106C28C1A33500E17A7C /* QRCodeGenerator in Frameworks */,
				75CD0FEF28BF1FFE00E17A7C /* SwinjectAutoregistration in Frameworks */,
				757B360628D30FBF009AC8FE /* SwiftProtobuf in Frameworks */,
			);
			runOnlyForDeploymentPostprocessing = 0;
		};
/* End PBXFrameworksBuildPhase section */

/* Begin PBXGroup section */
		7520044028BE3D9D008D2FED = {
			isa = PBXGroup;
			children = (
				75390FE028BEF8B500FC0509 /* Library */,
				7520044B28BE3D9D008D2FED /* Bili.Mac.MenuBar */,
				7520044A28BE3D9D008D2FED /* Products */,
			);
			sourceTree = "<group>";
		};
		7520044A28BE3D9D008D2FED /* Products */ = {
			isa = PBXGroup;
			children = (
				7520044928BE3D9D008D2FED /* Bili.Mac.MenuBar.app */,
			);
			name = Products;
			sourceTree = "<group>";
		};
		7520044B28BE3D9D008D2FED /* Bili.Mac.MenuBar */ = {
			isa = PBXGroup;
			children = (
				75CD220328C6246000F5000A /* Views */,
				75CD21F828C5E97300F5000A /* Compose */,
				7593E96628C1FE63003A3497 /* Controls */,
				7520045B28BE4512008D2FED /* Bili-Mac-MenuBar-Info.plist */,
				7520044C28BE3D9D008D2FED /* Bili_Mac_MenuBarApp.swift */,
				7520044E28BE3D9D008D2FED /* RootView.swift */,
				7520045028BE3D9E008D2FED /* Assets.xcassets */,
				7520045528BE3D9E008D2FED /* Bili_Mac_MenuBar.entitlements */,
				7520045228BE3D9E008D2FED /* Preview Content */,
			);
			path = Bili.Mac.MenuBar;
			sourceTree = "<group>";
		};
		7520045228BE3D9E008D2FED /* Preview Content */ = {
			isa = PBXGroup;
			children = (
				7520045328BE3D9E008D2FED /* Preview Assets.xcassets */,
			);
			path = "Preview Content";
			sourceTree = "<group>";
		};
		75390FE028BEF8B500FC0509 /* Library */ = {
			isa = PBXGroup;
			children = (
				75CD0FE228BF105C00E17A7C /* Providers */,
				75390FE128BEF8FD00FC0509 /* Models */,
				75CD0FF128BF20AB00E17A7C /* DIFactory.swift */,
			);
			path = Library;
			sourceTree = "<group>";
		};
		75390FE128BEF8FD00FC0509 /* Models */ = {
			isa = PBXGroup;
			children = (
				757B352028D30D65009AC8FE /* gRPC */,
				75CD105728BFA32A00E17A7C /* BiliBIli */,
				75CD103A28BF918D00E17A7C /* App */,
				7539100B28BF056500FC0509 /* Enums */,
			);
			path = Models;
			sourceTree = "<group>";
		};
		7539100B28BF056500FC0509 /* Enums */ = {
			isa = PBXGroup;
			children = (
				75CD102F28BF8D5700E17A7C /* Authorize */,
				7539100F28BF070F00FC0509 /* Bili */,
			);
			path = Enums;
			sourceTree = "<group>";
		};
		7539100F28BF070F00FC0509 /* Bili */ = {
			isa = PBXGroup;
			children = (
				75CD105E28BFA98500E17A7C /* TokenKeys.swift */,
				75CD106028BFAA8100E17A7C /* QueryKeys.swift */,
				75CD106228BFAC7800E17A7C /* ServiceKeys.swift */,
				75CD106428C0F3F600E17A7C /* ApiKeys.swift */,
				75F1A81C28C7022200EFD40A /* SettingKeys.swift */,
				75F1A82028C712CC00EFD40A /* PageKeys.swift */,
			);
			path = Bili;
			sourceTree = "<group>";
		};
		757B352028D30D65009AC8FE /* gRPC */ = {
			isa = PBXGroup;
			children = (
				757B360128D30DA4009AC8FE /* Source */,
				757B360228D30DE6009AC8FE /* GRPCConfig.swift */,
			);
			path = gRPC;
			sourceTree = "<group>";
		};
		757B360128D30DA4009AC8FE /* Source */ = {
			isa = PBXGroup;
			children = (
				757B362D28D3302F009AC8FE /* ad.pb.swift */,
				757B362C28D3302F009AC8FE /* common.pb.swift */,
				757B362B28D3302F009AC8FE /* double.pb.swift */,
				757B362A28D3302F009AC8FE /* single.pb.swift */,
				757B362728D32C6D009AC8FE /* card.pb.swift */,
				757B362628D32C6D009AC8FE /* preload.pb.swift */,
				757B362428D3295F009AC8FE /* popular.pb.swift */,
				757B361A28D317B3009AC8FE /* device.pb.swift */,
				757B361828D317B2009AC8FE /* locale.pb.swift */,
				757B361928D317B2009AC8FE /* metadata.pb.swift */,
				757B361B28D317B3009AC8FE /* network.pb.swift */,
				757B361728D317B2009AC8FE /* restriction.pb.swift */,
				757B360B28D311F5009AC8FE /* fawkes.pb.swift */,
			);
			path = Source;
			sourceTree = "<group>";
		};
		7593E96628C1FE63003A3497 /* Controls */ = {
			isa = PBXGroup;
			children = (
				7593E96728C1FE78003A3497 /* AppLogo.swift */,
				7593E96928C20770003A3497 /* SignInQRCode.swift */,
				7593E98028C4511D003A3497 /* ModuleButton.swift */,
				7593E98828C48369003A3497 /* VideoCard.swift */,
				75F1A81628C6CC5900EFD40A /* StatusBar.swift */,
				75F1A82E28C72F3800EFD40A /* EpisodeCard.swift */,
				7519780F28CC0382002B4334 /* HotSearchItem.swift */,
			);
			path = Controls;
			sourceTree = "<group>";
		};
		75CD0FE228BF105C00E17A7C /* Providers */ = {
			isa = PBXGroup;
			children = (
				75CD102C28BF89A100E17A7C /* Protocols */,
				75CD104728BF986400E17A7C /* AuthorizeProvider.swift */,
				7593E96228C1D5C1003A3497 /* HttpProvider.swift */,
				7593E97328C36E5E003A3497 /* AccountProvider.swift */,
				7593E98428C479F3003A3497 /* CommunityProvider.swift */,
				7519781528CC133A002B4334 /* UpdateProvider.swift */,
			);
			path = Providers;
			sourceTree = "<group>";
		};
		75CD102C28BF89A100E17A7C /* Protocols */ = {
			isa = PBXGroup;
			children = (
				75CD102D28BF89BF00E17A7C /* HttpProviderProtocol.swift */,
				75CD103828BF914400E17A7C /* AuthorizeProviderProtocol.swift */,
				75CD104328BF96BB00E17A7C /* AccountProviderProtocol.swift */,
				75CD104528BF977200E17A7C /* CommunityProviderProtocol.swift */,
				7519781328CC11E1002B4334 /* UpdateProviderProtocol.swift */,
			);
			path = Protocols;
			sourceTree = "<group>";
		};
		75CD102F28BF8D5700E17A7C /* Authorize */ = {
			isa = PBXGroup;
			children = (
				75CD103228BF8DB800E17A7C /* AuthorizeStatus.swift */,
				75CD103428BF8DFA00E17A7C /* QRCodeStatus.swift */,
				75CD103628BF8E2800E17A7C /* RequestClientType.swift */,
			);
			path = Authorize;
			sourceTree = "<group>";
		};
		75CD103A28BF918D00E17A7C /* App */ = {
			isa = PBXGroup;
			children = (
				75CD106828C1025600E17A7C /* ServiceException.swift */,
				75CD21F628C5E60D00F5000A /* Extensions.swift */,
			);
			path = App;
			sourceTree = "<group>";
		};
		75CD105728BFA32A00E17A7C /* BiliBIli */ = {
			isa = PBXGroup;
			children = (
				75CD105828BFA34300E17A7C /* AuthorizeResult.swift */,
				75CD105A28BFA39900E17A7C /* TokenInfo.swift */,
				75CD105C28BFA3E400E17A7C /* QRInfo.swift */,
				75CD106628C0FED900E17A7C /* ServerResponse.swift */,
				7593E97728C37005003A3497 /* Mine.swift */,
				7593E98228C4636C003A3497 /* UnreadInfo.swift */,
				7593E98628C47F19003A3497 /* Dynamic.swift */,
				75F1A81E28C70F2700EFD40A /* Rank.swift */,
				75F1A82628C7270300EFD40A /* Anime.swift */,
				7519780928CB901D002B4334 /* SearchSquare.swift */,
			);
			path = BiliBIli;
			sourceTree = "<group>";
		};
		75CD21F828C5E97300F5000A /* Compose */ = {
			isa = PBXGroup;
			children = (
				75F1A81828C6CEC000EFD40A /* AppCompose.swift */,
				75CD21F928C5E98C00F5000A /* VideoCompose.swift */,
				75CD21FE28C6139100F5000A /* DynamicCompose.swift */,
				75CD220628C6292200F5000A /* AccountCompose.swift */,
				75CD220A28C63A1F00F5000A /* AuthorizeCompose.swift */,
				75F1A82228C714A900EFD40A /* RankCompose.swift */,
				75F1A82828C727CF00EFD40A /* EpisodeCompose.swift */,
				75F1A82A28C72DAC00EFD40A /* AnimeCompose.swift */,
				7519780B28CB9197002B4334 /* HotSearchCompose.swift */,
				7519780D28CB91AD002B4334 /* HotSearchItemCompose.swift */,
				757B363228D35BE1009AC8FE /* PopularCompose.swift */,
			);
			path = Compose;
			sourceTree = "<group>";
		};
		75CD220328C6246000F5000A /* Views */ = {
			isa = PBXGroup;
			children = (
				7593E96428C1FDB3003A3497 /* SignInView.swift */,
				7593E97B28C38D9D003A3497 /* SubscribeView.swift */,
				75C6AC0628C49C1F00F8AB04 /* WindowView.swift */,
				75CD220428C6247200F5000A /* DynamicView.swift */,
				75CD220828C62D1A00F5000A /* AccountView.swift */,
				75F1A82428C715A800EFD40A /* RankView.swift */,
				75F1A82C28C72EB600EFD40A /* AnimeView.swift */,
				7519781128CC06A8002B4334 /* HotSearchView.swift */,
				757B363428D35C2E009AC8FE /* PopularVIew.swift */,
			);
			path = Views;
			sourceTree = "<group>";
		};
/* End PBXGroup section */

/* Begin PBXNativeTarget section */
		7520044828BE3D9D008D2FED /* Bili.Mac.MenuBar */ = {
			isa = PBXNativeTarget;
			buildConfigurationList = 7520045828BE3D9E008D2FED /* Build configuration list for PBXNativeTarget "Bili.Mac.MenuBar" */;
			buildPhases = (
				7520044528BE3D9D008D2FED /* Sources */,
				7520044628BE3D9D008D2FED /* Frameworks */,
				7520044728BE3D9D008D2FED /* Resources */,
			);
			buildRules = (
			);
			dependencies = (
			);
			name = Bili.Mac.MenuBar;
			packageProductDependencies = (
				75CD0FEE28BF1FFE00E17A7C /* SwinjectAutoregistration */,
				75CD0FFF28BF359700E17A7C /* Swinject */,
				75CD106B28C1A33500E17A7C /* QRCodeGenerator */,
				7593E95B28C1B348003A3497 /* SVGView */,
				7593E97E28C39E3E003A3497 /* Alamofire */,
				75C6AC0928C4E66500F8AB04 /* Atomics */,
				75C6AC0C28C4E69A00F8AB04 /* NIO */,
				757B360528D30FBF009AC8FE /* SwiftProtobuf */,
				757B360728D30FBF009AC8FE /* protoc-gen-swift */,
				757B362228D31C56009AC8FE /* ComposableArchitecture */,
			);
			productName = Bili.Mac.MenuBar;
			productReference = 7520044928BE3D9D008D2FED /* Bili.Mac.MenuBar.app */;
			productType = "com.apple.product-type.application";
		};
/* End PBXNativeTarget section */

/* Begin PBXProject section */
		7520044128BE3D9D008D2FED /* Project object */ = {
			isa = PBXProject;
			attributes = {
				BuildIndependentTargetsInParallel = 1;
				LastSwiftUpdateCheck = 1340;
				LastUpgradeCheck = 1400;
				TargetAttributes = {
					7520044828BE3D9D008D2FED = {
						CreatedOnToolsVersion = 13.4.1;
					};
				};
			};
			buildConfigurationList = 7520044428BE3D9D008D2FED /* Build configuration list for PBXProject "Bili.Mac.MenuBar" */;
			compatibilityVersion = "Xcode 13.0";
			developmentRegion = en;
			hasScannedForEncodings = 0;
			knownRegions = (
				en,
				Base,
			);
			mainGroup = 7520044028BE3D9D008D2FED;
			packageReferences = (
				75CD0FED28BF1FFE00E17A7C /* XCRemoteSwiftPackageReference "SwinjectAutoregistration" */,
				75CD0FFE28BF359700E17A7C /* XCRemoteSwiftPackageReference "Swinject" */,
				75CD106A28C1A33500E17A7C /* XCRemoteSwiftPackageReference "swift-qrcode-generator" */,
				7593E95A28C1B348003A3497 /* XCRemoteSwiftPackageReference "SVGView" */,
				7593E97D28C39E3E003A3497 /* XCRemoteSwiftPackageReference "Alamofire" */,
				75C6AC0828C4E66500F8AB04 /* XCRemoteSwiftPackageReference "swift-atomics" */,
				75C6AC0B28C4E69A00F8AB04 /* XCRemoteSwiftPackageReference "swift-nio" */,
				757B360428D30FBF009AC8FE /* XCRemoteSwiftPackageReference "swift-protobuf" */,
				757B362128D31C56009AC8FE /* XCRemoteSwiftPackageReference "swift-composable-architecture" */,
			);
			productRefGroup = 7520044A28BE3D9D008D2FED /* Products */;
			projectDirPath = "";
			projectRoot = "";
			targets = (
				7520044828BE3D9D008D2FED /* Bili.Mac.MenuBar */,
			);
		};
/* End PBXProject section */

/* Begin PBXResourcesBuildPhase section */
		7520044728BE3D9D008D2FED /* Resources */ = {
			isa = PBXResourcesBuildPhase;
			buildActionMask = 2147483647;
			files = (
				7520045428BE3D9E008D2FED /* Preview Assets.xcassets in Resources */,
				7520045128BE3D9E008D2FED /* Assets.xcassets in Resources */,
			);
			runOnlyForDeploymentPostprocessing = 0;
		};
/* End PBXResourcesBuildPhase section */

/* Begin PBXSourcesBuildPhase section */
		7520044528BE3D9D008D2FED /* Sources */ = {
			isa = PBXSourcesBuildPhase;
			buildActionMask = 2147483647;
			files = (
				75CD220528C6247200F5000A /* DynamicView.swift in Sources */,
				7519780A28CB901D002B4334 /* SearchSquare.swift in Sources */,
				75F1A82B28C72DAC00EFD40A /* AnimeCompose.swift in Sources */,
				75F1A81F28C70F2700EFD40A /* Rank.swift in Sources */,
				7520044F28BE3D9D008D2FED /* RootView.swift in Sources */,
				7593E98528C479F3003A3497 /* CommunityProvider.swift in Sources */,
				7593E96828C1FE78003A3497 /* AppLogo.swift in Sources */,
				75CD21FF28C6139100F5000A /* DynamicCompose.swift in Sources */,
				7593E97828C37005003A3497 /* Mine.swift in Sources */,
				7520044D28BE3D9D008D2FED /* Bili_Mac_MenuBarApp.swift in Sources */,
				757B361D28D317B3009AC8FE /* locale.pb.swift in Sources */,
				757B363128D33030009AC8FE /* ad.pb.swift in Sources */,
				75CD220B28C63A1F00F5000A /* AuthorizeCompose.swift in Sources */,
				757B362028D317B3009AC8FE /* network.pb.swift in Sources */,
				75CD220928C62D1A00F5000A /* AccountView.swift in Sources */,
				75CD106928C1025600E17A7C /* ServiceException.swift in Sources */,
				75CD105D28BFA3E400E17A7C /* QRInfo.swift in Sources */,
				7519780E28CB91AD002B4334 /* HotSearchItemCompose.swift in Sources */,
				757B362F28D33030009AC8FE /* double.pb.swift in Sources */,
				75CD21F728C5E60D00F5000A /* Extensions.swift in Sources */,
				7593E96528C1FDB3003A3497 /* SignInView.swift in Sources */,
				7593E98728C47F19003A3497 /* Dynamic.swift in Sources */,
				75CD103328BF8DB800E17A7C /* AuthorizeStatus.swift in Sources */,
				7593E97C28C38D9D003A3497 /* SubscribeView.swift in Sources */,
				75CD106528C0F3F600E17A7C /* ApiKeys.swift in Sources */,
				757B361E28D317B3009AC8FE /* metadata.pb.swift in Sources */,
				757B363328D35BE1009AC8FE /* PopularCompose.swift in Sources */,
				75F1A81728C6CC5900EFD40A /* StatusBar.swift in Sources */,
				75CD0FF228BF20AB00E17A7C /* DIFactory.swift in Sources */,
				75CD105B28BFA39900E17A7C /* TokenInfo.swift in Sources */,
				75CD105928BFA34300E17A7C /* AuthorizeResult.swift in Sources */,
				75CD21FA28C5E98C00F5000A /* VideoCompose.swift in Sources */,
				75CD104828BF986400E17A7C /* AuthorizeProvider.swift in Sources */,
				7593E96A28C20770003A3497 /* SignInQRCode.swift in Sources */,
				7519781628CC133A002B4334 /* UpdateProvider.swift in Sources */,
				7593E98128C4511D003A3497 /* ModuleButton.swift in Sources */,
				7519781428CC11E1002B4334 /* UpdateProviderProtocol.swift in Sources */,
				75CD105F28BFA98500E17A7C /* TokenKeys.swift in Sources */,
				75CD103528BF8DFA00E17A7C /* QRCodeStatus.swift in Sources */,
				75CD106728C0FED900E17A7C /* ServerResponse.swift in Sources */,
				75F1A82D28C72EB600EFD40A /* AnimeView.swift in Sources */,
				75F1A81928C6CEC000EFD40A /* AppCompose.swift in Sources */,
				757B360C28D311F5009AC8FE /* fawkes.pb.swift in Sources */,
				75CD104628BF977200E17A7C /* CommunityProviderProtocol.swift in Sources */,
				757B363528D35C2E009AC8FE /* PopularVIew.swift in Sources */,
				75CD103928BF914400E17A7C /* AuthorizeProviderProtocol.swift in Sources */,
				757B362528D3295F009AC8FE /* popular.pb.swift in Sources */,
				75F1A82728C7270300EFD40A /* Anime.swift in Sources */,
				7593E98328C4636C003A3497 /* UnreadInfo.swift in Sources */,
				7519781228CC06A8002B4334 /* HotSearchView.swift in Sources */,
				757B362928D32C6D009AC8FE /* card.pb.swift in Sources */,
				75F1A82528C715A800EFD40A /* RankView.swift in Sources */,
				75C6AC0728C49C1F00F8AB04 /* WindowView.swift in Sources */,
				7593E98928C48369003A3497 /* VideoCard.swift in Sources */,
				7519780C28CB9197002B4334 /* HotSearchCompose.swift in Sources */,
				757B362828D32C6D009AC8FE /* preload.pb.swift in Sources */,
				757B361F28D317B3009AC8FE /* device.pb.swift in Sources */,
				75CD106128BFAA8100E17A7C /* QueryKeys.swift in Sources */,
				75CD103728BF8E2800E17A7C /* RequestClientType.swift in Sources */,
				7593E96328C1D5C1003A3497 /* HttpProvider.swift in Sources */,
				75CD106328BFAC7800E17A7C /* ServiceKeys.swift in Sources */,
				7519781028CC0382002B4334 /* HotSearchItem.swift in Sources */,
				757B363028D33030009AC8FE /* common.pb.swift in Sources */,
				7593E97428C36E5E003A3497 /* AccountProvider.swift in Sources */,
				75CD102E28BF89BF00E17A7C /* HttpProviderProtocol.swift in Sources */,
				75F1A82128C712CC00EFD40A /* PageKeys.swift in Sources */,
				75F1A82928C727CF00EFD40A /* EpisodeCompose.swift in Sources */,
				757B362E28D33030009AC8FE /* single.pb.swift in Sources */,
				75CD104428BF96BB00E17A7C /* AccountProviderProtocol.swift in Sources */,
				75CD220728C6292200F5000A /* AccountCompose.swift in Sources */,
				75F1A82328C714A900EFD40A /* RankCompose.swift in Sources */,
				75F1A81D28C7022200EFD40A /* SettingKeys.swift in Sources */,
				75F1A82F28C72F3800EFD40A /* EpisodeCard.swift in Sources */,
				757B360328D30DE6009AC8FE /* GRPCConfig.swift in Sources */,
				757B361C28D317B3009AC8FE /* restriction.pb.swift in Sources */,
			);
			runOnlyForDeploymentPostprocessing = 0;
		};
/* End PBXSourcesBuildPhase section */

/* Begin XCBuildConfiguration section */
		7520045628BE3D9E008D2FED /* Debug */ = {
			isa = XCBuildConfiguration;
			buildSettings = {
				ALWAYS_SEARCH_USER_PATHS = NO;
				CLANG_ANALYZER_NONNULL = YES;
				CLANG_ANALYZER_NUMBER_OBJECT_CONVERSION = YES_AGGRESSIVE;
				CLANG_CXX_LANGUAGE_STANDARD = "gnu++17";
				CLANG_ENABLE_MODULES = YES;
				CLANG_ENABLE_OBJC_ARC = YES;
				CLANG_ENABLE_OBJC_WEAK = YES;
				CLANG_WARN_BLOCK_CAPTURE_AUTORELEASING = YES;
				CLANG_WARN_BOOL_CONVERSION = YES;
				CLANG_WARN_COMMA = YES;
				CLANG_WARN_CONSTANT_CONVERSION = YES;
				CLANG_WARN_DEPRECATED_OBJC_IMPLEMENTATIONS = YES;
				CLANG_WARN_DIRECT_OBJC_ISA_USAGE = YES_ERROR;
				CLANG_WARN_DOCUMENTATION_COMMENTS = YES;
				CLANG_WARN_EMPTY_BODY = YES;
				CLANG_WARN_ENUM_CONVERSION = YES;
				CLANG_WARN_INFINITE_RECURSION = YES;
				CLANG_WARN_INT_CONVERSION = YES;
				CLANG_WARN_NON_LITERAL_NULL_CONVERSION = YES;
				CLANG_WARN_OBJC_IMPLICIT_RETAIN_SELF = YES;
				CLANG_WARN_OBJC_LITERAL_CONVERSION = YES;
				CLANG_WARN_OBJC_ROOT_CLASS = YES_ERROR;
				CLANG_WARN_QUOTED_INCLUDE_IN_FRAMEWORK_HEADER = YES;
				CLANG_WARN_RANGE_LOOP_ANALYSIS = YES;
				CLANG_WARN_STRICT_PROTOTYPES = YES;
				CLANG_WARN_SUSPICIOUS_MOVE = YES;
				CLANG_WARN_UNGUARDED_AVAILABILITY = YES_AGGRESSIVE;
				CLANG_WARN_UNREACHABLE_CODE = YES;
				CLANG_WARN__DUPLICATE_METHOD_MATCH = YES;
				CODE_SIGN_IDENTITY = "-";
				COPY_PHASE_STRIP = NO;
				DEAD_CODE_STRIPPING = YES;
				DEBUG_INFORMATION_FORMAT = dwarf;
				ENABLE_STRICT_OBJC_MSGSEND = YES;
				ENABLE_TESTABILITY = YES;
				GCC_C_LANGUAGE_STANDARD = gnu11;
				GCC_DYNAMIC_NO_PIC = NO;
				GCC_NO_COMMON_BLOCKS = YES;
				GCC_OPTIMIZATION_LEVEL = 0;
				GCC_PREPROCESSOR_DEFINITIONS = (
					"DEBUG=1",
					"$(inherited)",
				);
				GCC_WARN_64_TO_32_BIT_CONVERSION = YES;
				GCC_WARN_ABOUT_RETURN_TYPE = YES_ERROR;
				GCC_WARN_UNDECLARED_SELECTOR = YES;
				GCC_WARN_UNINITIALIZED_AUTOS = YES_AGGRESSIVE;
				GCC_WARN_UNUSED_FUNCTION = YES;
				GCC_WARN_UNUSED_VARIABLE = YES;
				MACOSX_DEPLOYMENT_TARGET = 12.0;
				MTL_ENABLE_DEBUG_INFO = INCLUDE_SOURCE;
				MTL_FAST_MATH = YES;
				ONLY_ACTIVE_ARCH = YES;
				SDKROOT = macosx;
				SWIFT_ACTIVE_COMPILATION_CONDITIONS = DEBUG;
				SWIFT_OPTIMIZATION_LEVEL = "-Onone";
			};
			name = Debug;
		};
		7520045728BE3D9E008D2FED /* Release */ = {
			isa = XCBuildConfiguration;
			buildSettings = {
				ALWAYS_SEARCH_USER_PATHS = NO;
				CLANG_ANALYZER_NONNULL = YES;
				CLANG_ANALYZER_NUMBER_OBJECT_CONVERSION = YES_AGGRESSIVE;
				CLANG_CXX_LANGUAGE_STANDARD = "gnu++17";
				CLANG_ENABLE_MODULES = YES;
				CLANG_ENABLE_OBJC_ARC = YES;
				CLANG_ENABLE_OBJC_WEAK = YES;
				CLANG_WARN_BLOCK_CAPTURE_AUTORELEASING = YES;
				CLANG_WARN_BOOL_CONVERSION = YES;
				CLANG_WARN_COMMA = YES;
				CLANG_WARN_CONSTANT_CONVERSION = YES;
				CLANG_WARN_DEPRECATED_OBJC_IMPLEMENTATIONS = YES;
				CLANG_WARN_DIRECT_OBJC_ISA_USAGE = YES_ERROR;
				CLANG_WARN_DOCUMENTATION_COMMENTS = YES;
				CLANG_WARN_EMPTY_BODY = YES;
				CLANG_WARN_ENUM_CONVERSION = YES;
				CLANG_WARN_INFINITE_RECURSION = YES;
				CLANG_WARN_INT_CONVERSION = YES;
				CLANG_WARN_NON_LITERAL_NULL_CONVERSION = YES;
				CLANG_WARN_OBJC_IMPLICIT_RETAIN_SELF = YES;
				CLANG_WARN_OBJC_LITERAL_CONVERSION = YES;
				CLANG_WARN_OBJC_ROOT_CLASS = YES_ERROR;
				CLANG_WARN_QUOTED_INCLUDE_IN_FRAMEWORK_HEADER = YES;
				CLANG_WARN_RANGE_LOOP_ANALYSIS = YES;
				CLANG_WARN_STRICT_PROTOTYPES = YES;
				CLANG_WARN_SUSPICIOUS_MOVE = YES;
				CLANG_WARN_UNGUARDED_AVAILABILITY = YES_AGGRESSIVE;
				CLANG_WARN_UNREACHABLE_CODE = YES;
				CLANG_WARN__DUPLICATE_METHOD_MATCH = YES;
				CODE_SIGN_IDENTITY = "-";
				COPY_PHASE_STRIP = NO;
				DEAD_CODE_STRIPPING = YES;
				DEBUG_INFORMATION_FORMAT = "dwarf-with-dsym";
				ENABLE_NS_ASSERTIONS = NO;
				ENABLE_STRICT_OBJC_MSGSEND = YES;
				GCC_C_LANGUAGE_STANDARD = gnu11;
				GCC_NO_COMMON_BLOCKS = YES;
				GCC_WARN_64_TO_32_BIT_CONVERSION = YES;
				GCC_WARN_ABOUT_RETURN_TYPE = YES_ERROR;
				GCC_WARN_UNDECLARED_SELECTOR = YES;
				GCC_WARN_UNINITIALIZED_AUTOS = YES_AGGRESSIVE;
				GCC_WARN_UNUSED_FUNCTION = YES;
				GCC_WARN_UNUSED_VARIABLE = YES;
				MACOSX_DEPLOYMENT_TARGET = 12.0;
				MTL_ENABLE_DEBUG_INFO = NO;
				MTL_FAST_MATH = YES;
				SDKROOT = macosx;
				SWIFT_COMPILATION_MODE = wholemodule;
				SWIFT_OPTIMIZATION_LEVEL = "-O";
			};
			name = Release;
		};
		7520045928BE3D9E008D2FED /* Debug */ = {
			isa = XCBuildConfiguration;
			buildSettings = {
				ASSETCATALOG_COMPILER_APPICON_NAME = AppIcon;
				ASSETCATALOG_COMPILER_GLOBAL_ACCENT_COLOR_NAME = AccentColor;
				ASSETCATALOG_COMPILER_INCLUDE_ALL_APPICON_ASSETS = NO;
				CODE_SIGN_ENTITLEMENTS = Bili.Mac.MenuBar/Bili_Mac_MenuBar.entitlements;
				CODE_SIGN_IDENTITY = "-";
				"CODE_SIGN_IDENTITY[sdk=macosx*]" = "Apple Development";
				CODE_SIGN_STYLE = Automatic;
				COMBINE_HIDPI_IMAGES = YES;
				CURRENT_PROJECT_VERSION = 0;
				DEAD_CODE_STRIPPING = YES;
				DEVELOPMENT_ASSET_PATHS = "\"Bili.Mac.MenuBar/Preview Content\"";
				DEVELOPMENT_TEAM = WA3YBW3P7H;
				ENABLE_HARDENED_RUNTIME = YES;
				ENABLE_PREVIEWS = YES;
				GENERATE_INFOPLIST_FILE = YES;
				INFOPLIST_FILE = "Bili-Mac-MenuBar-Info.plist";
				INFOPLIST_KEY_LSApplicationCategoryType = "public.app-category.utilities";
				INFOPLIST_KEY_NSHumanReadableCopyright = Richasy;
				LD_RUNPATH_SEARCH_PATHS = (
					"$(inherited)",
					"@executable_path/../Frameworks",
				);
				MACOSX_DEPLOYMENT_TARGET = 12.0;
				MARKETING_VERSION = 0.2209.5;
				PRODUCT_BUNDLE_IDENTIFIER = "cn.richasy.Bili-Mac-MenuBar";
				PRODUCT_MODULE_NAME = "迷你哔哩";
				PRODUCT_NAME = "$(TARGET_NAME)";
				SWIFT_EMIT_LOC_STRINGS = YES;
				SWIFT_VERSION = 5.0;
			};
			name = Debug;
		};
		7520045A28BE3D9E008D2FED /* Release */ = {
			isa = XCBuildConfiguration;
			buildSettings = {
				ASSETCATALOG_COMPILER_APPICON_NAME = AppIcon;
				ASSETCATALOG_COMPILER_GLOBAL_ACCENT_COLOR_NAME = AccentColor;
				ASSETCATALOG_COMPILER_INCLUDE_ALL_APPICON_ASSETS = NO;
				CODE_SIGN_ENTITLEMENTS = Bili.Mac.MenuBar/Bili_Mac_MenuBar.entitlements;
				CODE_SIGN_IDENTITY = "-";
				"CODE_SIGN_IDENTITY[sdk=macosx*]" = "Apple Development";
				CODE_SIGN_STYLE = Automatic;
				COMBINE_HIDPI_IMAGES = YES;
				CURRENT_PROJECT_VERSION = 0;
				DEAD_CODE_STRIPPING = YES;
				DEVELOPMENT_ASSET_PATHS = "\"Bili.Mac.MenuBar/Preview Content\"";
				DEVELOPMENT_TEAM = WA3YBW3P7H;
				ENABLE_HARDENED_RUNTIME = YES;
				ENABLE_PREVIEWS = YES;
				GENERATE_INFOPLIST_FILE = YES;
				INFOPLIST_FILE = "Bili-Mac-MenuBar-Info.plist";
				INFOPLIST_KEY_LSApplicationCategoryType = "public.app-category.utilities";
				INFOPLIST_KEY_NSHumanReadableCopyright = Richasy;
				LD_RUNPATH_SEARCH_PATHS = (
					"$(inherited)",
					"@executable_path/../Frameworks",
				);
				MACOSX_DEPLOYMENT_TARGET = 12.0;
				MARKETING_VERSION = 0.2209.5;
				PRODUCT_BUNDLE_IDENTIFIER = "cn.richasy.Bili-Mac-MenuBar";
				PRODUCT_MODULE_NAME = "迷你哔哩";
				PRODUCT_NAME = "迷你哔哩";
				SWIFT_EMIT_LOC_STRINGS = YES;
				SWIFT_VERSION = 5.0;
			};
			name = Release;
		};
/* End XCBuildConfiguration section */

/* Begin XCConfigurationList section */
		7520044428BE3D9D008D2FED /* Build configuration list for PBXProject "Bili.Mac.MenuBar" */ = {
			isa = XCConfigurationList;
			buildConfigurations = (
				7520045628BE3D9E008D2FED /* Debug */,
				7520045728BE3D9E008D2FED /* Release */,
			);
			defaultConfigurationIsVisible = 0;
			defaultConfigurationName = Release;
		};
		7520045828BE3D9E008D2FED /* Build configuration list for PBXNativeTarget "Bili.Mac.MenuBar" */ = {
			isa = XCConfigurationList;
			buildConfigurations = (
				7520045928BE3D9E008D2FED /* Debug */,
				7520045A28BE3D9E008D2FED /* Release */,
			);
			defaultConfigurationIsVisible = 0;
			defaultConfigurationName = Release;
		};
/* End XCConfigurationList section */

/* Begin XCRemoteSwiftPackageReference section */
		757B360428D30FBF009AC8FE /* XCRemoteSwiftPackageReference "swift-protobuf" */ = {
			isa = XCRemoteSwiftPackageReference;
			repositoryURL = "https://github.com/apple/swift-protobuf.git";
			requirement = {
				kind = exactVersion;
				version = 1.20.1;
			};
		};
		757B362128D31C56009AC8FE /* XCRemoteSwiftPackageReference "swift-composable-architecture" */ = {
			isa = XCRemoteSwiftPackageReference;
			repositoryURL = "https://github.com/pointfreeco/swift-composable-architecture";
			requirement = {
				kind = exactVersion;
				version = 0.40.2;
			};
		};
		7593E95A28C1B348003A3497 /* XCRemoteSwiftPackageReference "SVGView" */ = {
			isa = XCRemoteSwiftPackageReference;
			repositoryURL = "https://github.com/exyte/SVGView.git";
			requirement = {
				kind = exactVersion;
				version = 1.0.4;
			};
		};
		7593E97D28C39E3E003A3497 /* XCRemoteSwiftPackageReference "Alamofire" */ = {
			isa = XCRemoteSwiftPackageReference;
			repositoryURL = "https://github.com/Alamofire/Alamofire.git";
			requirement = {
				kind = exactVersion;
				version = 5.6.2;
			};
		};
		75C6AC0828C4E66500F8AB04 /* XCRemoteSwiftPackageReference "swift-atomics" */ = {
			isa = XCRemoteSwiftPackageReference;
			repositoryURL = "https://github.com/apple/swift-atomics.git";
			requirement = {
				kind = upToNextMajorVersion;
				minimumVersion = 1.0.0;
			};
		};
		75C6AC0B28C4E69A00F8AB04 /* XCRemoteSwiftPackageReference "swift-nio" */ = {
			isa = XCRemoteSwiftPackageReference;
			repositoryURL = "https://github.com/apple/swift-nio.git";
			requirement = {
				kind = upToNextMajorVersion;
				minimumVersion = 2.0.0;
			};
		};
		75CD0FED28BF1FFE00E17A7C /* XCRemoteSwiftPackageReference "SwinjectAutoregistration" */ = {
			isa = XCRemoteSwiftPackageReference;
			repositoryURL = "https://github.com/Swinject/SwinjectAutoregistration.git";
			requirement = {
				kind = exactVersion;
				version = 2.8.1;
			};
		};
		75CD0FFE28BF359700E17A7C /* XCRemoteSwiftPackageReference "Swinject" */ = {
			isa = XCRemoteSwiftPackageReference;
			repositoryURL = "https://github.com/Swinject/Swinject.git";
			requirement = {
				kind = exactVersion;
				version = 2.8.2;
			};
		};
		75CD106A28C1A33500E17A7C /* XCRemoteSwiftPackageReference "swift-qrcode-generator" */ = {
			isa = XCRemoteSwiftPackageReference;
			repositoryURL = "https://github.com/fwcd/swift-qrcode-generator.git";
			requirement = {
				branch = main;
				kind = branch;
			};
		};
/* End XCRemoteSwiftPackageReference section */

/* Begin XCSwiftPackageProductDependency section */
		757B360528D30FBF009AC8FE /* SwiftProtobuf */ = {
			isa = XCSwiftPackageProductDependency;
			package = 757B360428D30FBF009AC8FE /* XCRemoteSwiftPackageReference "swift-protobuf" */;
			productName = SwiftProtobuf;
		};
		757B360728D30FBF009AC8FE /* protoc-gen-swift */ = {
			isa = XCSwiftPackageProductDependency;
			package = 757B360428D30FBF009AC8FE /* XCRemoteSwiftPackageReference "swift-protobuf" */;
			productName = "protoc-gen-swift";
		};
		757B362228D31C56009AC8FE /* ComposableArchitecture */ = {
			isa = XCSwiftPackageProductDependency;
			package = 757B362128D31C56009AC8FE /* XCRemoteSwiftPackageReference "swift-composable-architecture" */;
			productName = ComposableArchitecture;
		};
		7593E95B28C1B348003A3497 /* SVGView */ = {
			isa = XCSwiftPackageProductDependency;
			package = 7593E95A28C1B348003A3497 /* XCRemoteSwiftPackageReference "SVGView" */;
			productName = SVGView;
		};
		7593E97E28C39E3E003A3497 /* Alamofire */ = {
			isa = XCSwiftPackageProductDependency;
			package = 7593E97D28C39E3E003A3497 /* XCRemoteSwiftPackageReference "Alamofire" */;
			productName = Alamofire;
		};
		75C6AC0928C4E66500F8AB04 /* Atomics */ = {
			isa = XCSwiftPackageProductDependency;
			package = 75C6AC0828C4E66500F8AB04 /* XCRemoteSwiftPackageReference "swift-atomics" */;
			productName = Atomics;
		};
		75C6AC0C28C4E69A00F8AB04 /* NIO */ = {
			isa = XCSwiftPackageProductDependency;
			package = 75C6AC0B28C4E69A00F8AB04 /* XCRemoteSwiftPackageReference "swift-nio" */;
			productName = NIO;
		};
		75CD0FEE28BF1FFE00E17A7C /* SwinjectAutoregistration */ = {
			isa = XCSwiftPackageProductDependency;
			package = 75CD0FED28BF1FFE00E17A7C /* XCRemoteSwiftPackageReference "SwinjectAutoregistration" */;
			productName = SwinjectAutoregistration;
		};
		75CD0FFF28BF359700E17A7C /* Swinject */ = {
			isa = XCSwiftPackageProductDependency;
			package = 75CD0FFE28BF359700E17A7C /* XCRemoteSwiftPackageReference "Swinject" */;
			productName = Swinject;
		};
		75CD106B28C1A33500E17A7C /* QRCodeGenerator */ = {
			isa = XCSwiftPackageProductDependency;
			package = 75CD106A28C1A33500E17A7C /* XCRemoteSwiftPackageReference "swift-qrcode-generator" */;
			productName = QRCodeGenerator;
		};
/* End XCSwiftPackageProductDependency section */
	};
	rootObject = 7520044128BE3D9D008D2FED /* Project object */;
}
